{
  "version": 1,
  "dependencies": {
    "net6.0": {
      "System.Text.Encodings.Web": {
        "type": "Direct",
        "requested": "[4.5.0, 4.5.0]",
        "resolved": "4.5.0",
        "contentHash": "sha512-AAAAAAAAAAAAAAAAAAAAAAAAAAAAAAAAAAAAAAAAAAAAAAAAAAAAAA=="
      }
      }
      }
      }